
Microsoft Visual Studio Solution File, Format Version 12.00
# Visual Studio Version 17
VisualStudioVersion = 17.4.33122.133
MinimumVisualStudioVersion = 10.0.40219.1
Project("{9A19103F-16F7-4668-BE54-9A1E7A4F7556}") = "BookingEksamenDataManager", "BookingEksamenDataManager\BookingEksamenDataManager.csproj", "{70465411-A5E2-4103-9F44-364185668AEC}"
EndProject
Project("{9A19103F-16F7-4668-BE54-9A1E7A4F7556}") = "BookingEksamenWebUI", "BookingEksamenWebUI\BookingEksamenWebUI.csproj", "{D8857A51-22AB-4D9C-BE4E-133FD30F0AC8}"
EndProject
Project("{9A19103F-16F7-4668-BE54-9A1E7A4F7556}") = "Test.BookingEksamenDataManager", "Test.BookingEksamenDataManager\Test.BookingEksamenDataManager.csproj", "{ED6F1297-1AF3-4CD4-A66B-E3338B4D9FFB}"
EndProject
Project("{9A19103F-16F7-4668-BE54-9A1E7A4F7556}") = "Test.BookingEksamenWebUI", "Test.BookingEksamenWebUI\Test.BookingEksamenWebUI.csproj", "{9A2891F4-31CB-42C1-8E0B-65B2819DC3AA}"
EndProject
Project("{9A19103F-16F7-4668-BE54-9A1E7A4F7556}") = "BookingEksamenMAUI", "BookingEksamenMAUI\BookingEksamenMAUI.csproj", "{BD35035C-684F-4C37-B571-0A97B1422938}"
EndProject
Project("{2150E333-8FDC-42A3-9474-1A3956D46DE8}") = "UI", "UI", "{A6DA12BE-495D-4E69-9C8C-5D520D591161}"
EndProject
Project("{2150E333-8FDC-42A3-9474-1A3956D46DE8}") = "Tests", "Tests", "{456FDF5E-3C9E-4981-BED0-97EE548A01BB}"
EndProject
Global
	GlobalSection(SolutionConfigurationPlatforms) = preSolution
		Debug|Any CPU = Debug|Any CPU
		Release|Any CPU = Release|Any CPU
	EndGlobalSection
	GlobalSection(ProjectConfigurationPlatforms) = postSolution
		{70465411-A5E2-4103-9F44-364185668AEC}.Debug|Any CPU.ActiveCfg = Debug|Any CPU
		{70465411-A5E2-4103-9F44-364185668AEC}.Debug|Any CPU.Build.0 = Debug|Any CPU
		{70465411-A5E2-4103-9F44-364185668AEC}.Release|Any CPU.ActiveCfg = Release|Any CPU
		{70465411-A5E2-4103-9F44-364185668AEC}.Release|Any CPU.Build.0 = Release|Any CPU
		{D8857A51-22AB-4D9C-BE4E-133FD30F0AC8}.Debug|Any CPU.ActiveCfg = Debug|Any CPU
		{D8857A51-22AB-4D9C-BE4E-133FD30F0AC8}.Debug|Any CPU.Build.0 = Debug|Any CPU
		{D8857A51-22AB-4D9C-BE4E-133FD30F0AC8}.Release|Any CPU.ActiveCfg = Release|Any CPU
		{D8857A51-22AB-4D9C-BE4E-133FD30F0AC8}.Release|Any CPU.Build.0 = Release|Any CPU
		{ED6F1297-1AF3-4CD4-A66B-E3338B4D9FFB}.Debug|Any CPU.ActiveCfg = Debug|Any CPU
		{ED6F1297-1AF3-4CD4-A66B-E3338B4D9FFB}.Debug|Any CPU.Build.0 = Debug|Any CPU
		{ED6F1297-1AF3-4CD4-A66B-E3338B4D9FFB}.Release|Any CPU.ActiveCfg = Release|Any CPU
		{ED6F1297-1AF3-4CD4-A66B-E3338B4D9FFB}.Release|Any CPU.Build.0 = Release|Any CPU
		{9A2891F4-31CB-42C1-8E0B-65B2819DC3AA}.Debug|Any CPU.ActiveCfg = Debug|Any CPU
		{9A2891F4-31CB-42C1-8E0B-65B2819DC3AA}.Debug|Any CPU.Build.0 = Debug|Any CPU
		{9A2891F4-31CB-42C1-8E0B-65B2819DC3AA}.Release|Any CPU.ActiveCfg = Release|Any CPU
		{9A2891F4-31CB-42C1-8E0B-65B2819DC3AA}.Release|Any CPU.Build.0 = Release|Any CPU
		{BD35035C-684F-4C37-B571-0A97B1422938}.Debug|Any CPU.ActiveCfg = Debug|Any CPU
		{BD35035C-684F-4C37-B571-0A97B1422938}.Debug|Any CPU.Build.0 = Debug|Any CPU
		{BD35035C-684F-4C37-B571-0A97B1422938}.Debug|Any CPU.Deploy.0 = Debug|Any CPU
		{BD35035C-684F-4C37-B571-0A97B1422938}.Release|Any CPU.ActiveCfg = Release|Any CPU
		{BD35035C-684F-4C37-B571-0A97B1422938}.Release|Any CPU.Build.0 = Release|Any CPU
		{BD35035C-684F-4C37-B571-0A97B1422938}.Release|Any CPU.Deploy.0 = Release|Any CPU
	EndGlobalSection
	GlobalSection(SolutionProperties) = preSolution
		HideSolutionNode = FALSE
	EndGlobalSection
	GlobalSection(NestedProjects) = preSolution
		{D8857A51-22AB-4D9C-BE4E-133FD30F0AC8} = {A6DA12BE-495D-4E69-9C8C-5D520D591161}
		{ED6F1297-1AF3-4CD4-A66B-E3338B4D9FFB} = {456FDF5E-3C9E-4981-BED0-97EE548A01BB}
		{9A2891F4-31CB-42C1-8E0B-65B2819DC3AA} = {456FDF5E-3C9E-4981-BED0-97EE548A01BB}
		{BD35035C-684F-4C37-B571-0A97B1422938} = {A6DA12BE-495D-4E69-9C8C-5D520D591161}
	EndGlobalSection
	GlobalSection(ExtensibilityGlobals) = postSolution
		SolutionGuid = {3413E962-E51A-44AA-A2D3-9FB9F2460F0B}
	EndGlobalSection
EndGlobal
